
Microsoft Visual Studio Solution File, Format Version 12.00
# Visual Studio Version 16
VisualStudioVersion = 16.0.30523.141
MinimumVisualStudioVersion = 10.0.40219.1
Project("{888888A0-9F3D-457C-B088-3A5042F75D52}") = "SRS-Model", "SRS-Model\SRS-Model.pyproj", "{9920E6ED-7AE5-422A-8252-F68705F58802}"
EndProject
Global
	GlobalSection(SolutionConfigurationPlatforms) = preSolution
		Debug|Any CPU = Debug|Any CPU
		Release|Any CPU = Release|Any CPU
	EndGlobalSection
	GlobalSection(ProjectConfigurationPlatforms) = postSolution
		{9920E6ED-7AE5-422A-8252-F68705F58802}.Debug|Any CPU.ActiveCfg = Debug|Any CPU
		{9920E6ED-7AE5-422A-8252-F68705F58802}.Release|Any CPU.ActiveCfg = Release|Any CPU
	EndGlobalSection
	GlobalSection(SolutionProperties) = preSolution
		HideSolutionNode = FALSE
	EndGlobalSection
	GlobalSection(ExtensibilityGlobals) = postSolution
		SolutionGuid = {0C57BB8A-2A74-4E9D-BD1E-80F65B5799D4}
	EndGlobalSection
EndGlobal
